github.com/gorilla/websocket v1.5.2 h1:qoW6V1GT3aZxybsbC6oLnailWnB+qTMVwMreOso9XUw=
github.com/gorilla/websocket v1.5.2/go.mod h1:0n9H61RBAcf5/38py2MCYbxzPIY9rOkpvvMT24Rqs30=
github.com/segmentio/ksuid v1.0.4 h1:sBo2BdShXjmcugAMwjugoGUdUV0pcxY5mW4xKRn3v4c=
github.com/segmentio/ksuid v1.0.4/go.mod h1:/XUiZBD3kVx5SmUOl55voK5yeAbBNNIed+2O73XgrPE=
golang.org/x/net v0.23.0 h1:7EYJ93RZ9vYSZAIb2x3lnuvqO5zneoD6IvWjuhfxjTs=
golang.org/x/net v0.23.0/go.mod h1:JKghWKKOSdJwpW2GEx0Ja7fmaKnMsbu+MWVZTokSYmg=
